<?xml version="1.0" encoding="utf-8"?>
<Project ToolsVersion="4.0" xmlns="http://schemas.microsoft.com/developer/msbuild/2003">
  <ItemGroup>
    <ClCompile Include="..\..\..\Classes\AppDelegate.cpp">
      <Filter>Classes</Filter>
    </ClCompile>
    <ClCompile Include="..\..\..\Classes\HelloWorldScene.cpp">
      <Filter>Classes</Filter>
    </ClCompile>
    <ClCompile Include="..\..\..\..\..\..\cocos2dx\platform\wp8-xaml\Direct3DContentProvider.cpp" />
    <ClCompile Include="..\..\..\..\..\..\cocos2dx\platform\wp8-xaml\Direct3DContentProviderBase.cpp" />
    <ClCompile Include="..\..\..\..\..\..\cocos2dx\platform\wp8-xaml\Direct3DInterop.cpp" />
    <ClCompile Include="..\..\..\..\..\..\cocos2dx\platform\wp8-xaml\DirectXBase.cpp" />
    <ClCompile Include="..\..\..\..\..\..\cocos2dx\platform\wp8-xaml\Cocos2dRenderer.cpp" />
    <ClCompile Include="..\..\..\..\..\..\cocos2dx\platform\wp8-xaml\InputEvent.cpp" />
    <ClCompile Include="..\..\..\..\..\..\cocos2dx\platform\wp8-xaml\OpenXLive\XLiveDelegate.cpp">
      <Filter>Classes\OpenXLiveHelper</Filter>
    </ClCompile>
  </ItemGroup>
  <ItemGroup>
    <ClInclude Include="..\..\..\Classes\AppDelegate.h">
      <Filter>Classes</Filter>
    </ClInclude>
    <ClInclude Include="..\..\..\Classes\AppMacros.h">
      <Filter>Classes</Filter>
    </ClInclude>
    <ClInclude Include="..\..\..\Classes\HelloWorldScene.h">
      <Filter>Classes</Filter>
    </ClInclude>
    <ClInclude Include="..\..\..\..\..\..\cocos2dx\platform\wp8-xaml\Direct3DContentProvider.h" />
    <ClInclude Include="..\..\..\..\..\..\cocos2dx\platform\wp8-xaml\Direct3DContentProviderBase.h" />
    <ClInclude Include="..\..\..\..\..\..\cocos2dx\platform\wp8-xaml\Direct3DInterop.h" />
    <ClInclude Include="..\..\..\..\..\..\cocos2dx\platform\wp8-xaml\DirectXBase.h" />
    <ClInclude Include="..\..\..\..\..\..\cocos2dx\platform\wp8-xaml\Cocos2dRenderer.h" />
    <ClInclude Include="..\..\..\..\..\..\cocos2dx\platform\wp8-xaml\DirectXHelper.h" />
    <ClInclude Include="..\..\..\..\..\..\cocos2dx\platform\wp8-xaml\InputEvent.h" />
    <ClInclude Include="..\..\..\..\..\..\cocos2dx\platform\wp8-xaml\InputEventTypes.h" />
    <ClInclude Include="..\..\..\..\..\..\cocos2dx\platform\wp8-xaml\OpenXLive\ICallback.h">
      <Filter>Classes\OpenXLiveHelper</Filter>
    </ClInclude>
    <ClInclude Include="..\..\..\..\..\..\cocos2dx\platform\wp8-xaml\OpenXLive\XLiveDelegate.h">
      <Filter>Classes\OpenXLiveHelper</Filter>
    </ClInclude>
  </ItemGroup>
  <ItemGroup>
    <Filter Include="Classes">
      <UniqueIdentifier>{f9f8df92-c45f-4fb0-b53e-44782c0e0ea1}</UniqueIdentifier>
    </Filter>
    <Filter Include="Classes\OpenXLiveHelper">
      <UniqueIdentifier>{f6cb3400-8574-443c-adef-02551513f398}</UniqueIdentifier>
    </Filter>
  </ItemGroup>
</Project>